
Microsoft Visual Studio Solution File, Format Version 12.00
# Visual Studio Version 16
VisualStudioVersion = 16.0.31205.134
MinimumVisualStudioVersion = 10.0.40219.1
Project("{2150E333-8FDC-42A3-9474-1A3956D46DE8}") = "src", "src", "{D8ED2DE8-1960-4320-AEDE-360B8432CD10}"
EndProject
Project("{2150E333-8FDC-42A3-9474-1A3956D46DE8}") = "test", "test", "{B6AFB318-32EE-4DB5-995A-1B7118DAF27F}"
EndProject
Project("{2150E333-8FDC-42A3-9474-1A3956D46DE8}") = "nuget", "nuget", "{BF25E2A9-D8B9-46F3-9EE0-81E9803CCFF9}"
	ProjectSection(SolutionItems) = preProject
		nuget\TauCode.Utility.nuspec = nuget\TauCode.Utility.nuspec
	EndProjectSection
EndProject
Project("{2150E333-8FDC-42A3-9474-1A3956D46DE8}") = "misc", "misc", "{40D53906-8BF5-43AA-B27C-EB9697AD7AD6}"
	ProjectSection(SolutionItems) = preProject
		misc\changelog.txt = misc\changelog.txt
		misc\links.txt = misc\links.txt
		misc\todo.txt = misc\todo.txt
	EndProjectSection
EndProject
Project("{2150E333-8FDC-42A3-9474-1A3956D46DE8}") = "build", "build", "{A887A3B8-EB06-48D7-B532-C38D4F6E735A}"
	ProjectSection(SolutionItems) = preProject
		build\azure-pipelines-dev.yml = build\azure-pipelines-dev.yml
		build\azure-pipelines-main.yml = build\azure-pipelines-main.yml
	EndProjectSection
EndProject
Project("{FAE04EC0-301F-11D3-BF4B-00C04F79EFBC}") = "TauCode.Utility", "src\TauCode.Utility\TauCode.Utility.csproj", "{C31B2076-2F2B-40A2-B87E-EEE8CFA0B166}"
EndProject
Project("{FAE04EC0-301F-11D3-BF4B-00C04F79EFBC}") = "TauCode.Utility.Tests", "test\TauCode.Utility.Tests\TauCode.Utility.Tests.csproj", "{6E413DC0-6FF2-48E2-869F-402A705D3F1B}"
EndProject
Global
	GlobalSection(SolutionConfigurationPlatforms) = preSolution
		Debug|Any CPU = Debug|Any CPU
		Release|Any CPU = Release|Any CPU
	EndGlobalSection
	GlobalSection(ProjectConfigurationPlatforms) = postSolution
		{C31B2076-2F2B-40A2-B87E-EEE8CFA0B166}.Debug|Any CPU.ActiveCfg = Debug|Any CPU
		{C31B2076-2F2B-40A2-B87E-EEE8CFA0B166}.Debug|Any CPU.Build.0 = Debug|Any CPU
		{C31B2076-2F2B-40A2-B87E-EEE8CFA0B166}.Release|Any CPU.ActiveCfg = Release|Any CPU
		{C31B2076-2F2B-40A2-B87E-EEE8CFA0B166}.Release|Any CPU.Build.0 = Release|Any CPU
		{6E413DC0-6FF2-48E2-869F-402A705D3F1B}.Debug|Any CPU.ActiveCfg = Debug|Any CPU
		{6E413DC0-6FF2-48E2-869F-402A705D3F1B}.Debug|Any CPU.Build.0 = Debug|Any CPU
		{6E413DC0-6FF2-48E2-869F-402A705D3F1B}.Release|Any CPU.ActiveCfg = Release|Any CPU
		{6E413DC0-6FF2-48E2-869F-402A705D3F1B}.Release|Any CPU.Build.0 = Release|Any CPU
	EndGlobalSection
	GlobalSection(SolutionProperties) = preSolution
		HideSolutionNode = FALSE
	EndGlobalSection
	GlobalSection(NestedProjects) = preSolution
		{C31B2076-2F2B-40A2-B87E-EEE8CFA0B166} = {D8ED2DE8-1960-4320-AEDE-360B8432CD10}
		{6E413DC0-6FF2-48E2-869F-402A705D3F1B} = {B6AFB318-32EE-4DB5-995A-1B7118DAF27F}
	EndGlobalSection
	GlobalSection(ExtensibilityGlobals) = postSolution
		SolutionGuid = {A863D5F4-5768-48CA-8CD3-3F68E1980CA9}
	EndGlobalSection
EndGlobal
